// !$*UTF8*$!
{
	archiveVersion = 1;
	classes = {
	};
	objectVersion = 56;
	objects = {

/* Begin PBXBuildFile section */
		D208B2C92A74ABC40001F74C /* images.cpp in Sources */ = {isa = PBXBuildFile; fileRef = D208B2C82A74ABC40001F74C /* images.cpp */; };
		D212AD752C3CA7490061D50C /* README.md in Resources */ = {isa = PBXBuildFile; fileRef = D212AD742C3CA7490061D50C /* README.md */; };
		D2967E282A72028300529624 /* app.cpp in Sources */ = {isa = PBXBuildFile; fileRef = D2967E272A72028300529624 /* app.cpp */; };
		D2967E2B2A7202F500529624 /* main-mac.m in Sources */ = {isa = PBXBuildFile; fileRef = D2967E2A2A7202F500529624 /* main-mac.m */; };
		D2967E2F2A72141700529624 /* graphics.cpp in Sources */ = {isa = PBXBuildFile; fileRef = D2967E2E2A72141600529624 /* graphics.cpp */; };
		D2C7EFC42A6E2458005FCFF9 /* Assets.xcassets in Resources */ = {isa = PBXBuildFile; fileRef = D2C7EFC32A6E2458005FCFF9 /* Assets.xcassets */; };
/* End PBXBuildFile section */

/* Begin PBXFileReference section */
		D208B2C72A74ABC40001F74C /* images.h */ = {isa = PBXFileReference; fileEncoding = 4; lastKnownFileType = sourcecode.c.h; path = images.h; sourceTree = "<group>"; };
		D208B2C82A74ABC40001F74C /* images.cpp */ = {isa = PBXFileReference; fileEncoding = 4; lastKnownFileType = sourcecode.cpp.cpp; name = images.cpp; path = ../../src/images/images.cpp; sourceTree = "<group>"; };
		D212AD742C3CA7490061D50C /* README.md */ = {isa = PBXFileReference; fileEncoding = 4; lastKnownFileType = net.daringfireball.markdown; name = README.md; path = ../../../README.md; sourceTree = "<group>"; };
		D2967E262A72028300529624 /* app.h */ = {isa = PBXFileReference; explicitFileType = sourcecode.c.h; fileEncoding = 4; name = app.h; path = ../../src/app/app.h; sourceTree = SOURCE_ROOT; };
		D2967E272A72028300529624 /* app.cpp */ = {isa = PBXFileReference; fileEncoding = 4; lastKnownFileType = sourcecode.cpp.cpp; name = app.cpp; path = ../../src/app/app.cpp; sourceTree = SOURCE_ROOT; };
		D2967E2A2A7202F500529624 /* main-mac.m */ = {isa = PBXFileReference; fileEncoding = 4; lastKnownFileType = sourcecode.c.objc; path = "main-mac.m"; sourceTree = "<group>"; };
		D2967E2C2A72140700529624 /* stb_image.h */ = {isa = PBXFileReference; fileEncoding = 4; lastKnownFileType = sourcecode.c.h; path = stb_image.h; sourceTree = "<group>"; };
		D2967E2D2A72141600529624 /* graphics.h */ = {isa = PBXFileReference; fileEncoding = 4; lastKnownFileType = sourcecode.c.h; path = graphics.h; sourceTree = "<group>"; };
		D2967E2E2A72141600529624 /* graphics.cpp */ = {isa = PBXFileReference; fileEncoding = 4; lastKnownFileType = sourcecode.cpp.cpp; path = graphics.cpp; sourceTree = "<group>"; };
		D2C7EFBA2A6E2458005FCFF9 /* blur.app */ = {isa = PBXFileReference; explicitFileType = wrapper.application; includeInIndex = 0; path = blur.app; sourceTree = BUILT_PRODUCTS_DIR; };
		D2C7EFC32A6E2458005FCFF9 /* Assets.xcassets */ = {isa = PBXFileReference; lastKnownFileType = folder.assetcatalog; path = Assets.xcassets; sourceTree = "<group>"; };
		D2C7EFCA2A6E2458005FCFF9 /* blur.entitlements */ = {isa = PBXFileReference; lastKnownFileType = text.plist.entitlements; path = blur.entitlements; sourceTree = "<group>"; };
/* End PBXFileReference section */

/* Begin PBXFrameworksBuildPhase section */
		D2C7EFB72A6E2458005FCFF9 /* Frameworks */ = {
			isa = PBXFrameworksBuildPhase;
			buildActionMask = 2147483647;
			files = (
			);
			runOnlyForDeploymentPostprocessing = 0;
		};
/* End PBXFrameworksBuildPhase section */

/* Begin PBXGroup section */
		D2967E212A7201F000529624 /* app */ = {
			isa = PBXGroup;
			children = (
				D2967E272A72028300529624 /* app.cpp */,
				D2967E262A72028300529624 /* app.h */,
			);
			name = app;
			path = ../../../src/app;
			sourceTree = "<group>";
		};
		D2967E222A7201FA00529624 /* images */ = {
			isa = PBXGroup;
			children = (
				D208B2C82A74ABC40001F74C /* images.cpp */,
				D208B2C72A74ABC40001F74C /* images.h */,
				D2967E2C2A72140700529624 /* stb_image.h */,
			);
			name = images;
			path = ../../../src/images;
			sourceTree = "<group>";
		};
		D2967E232A72020100529624 /* graphics */ = {
			isa = PBXGroup;
			children = (
				D2967E2E2A72141600529624 /* graphics.cpp */,
				D2967E2D2A72141600529624 /* graphics.h */,
			);
			name = graphics;
			path = ../../../src/graphics;
			sourceTree = "<group>";
		};
		D2967E292A7202E300529624 /* main */ = {
			isa = PBXGroup;
			children = (
				D2967E2A2A7202F500529624 /* main-mac.m */,
			);
			name = main;
			path = ../../../src/main;
			sourceTree = "<group>";
		};
		D2C7EFB12A6E2458005FCFF9 = {
			isa = PBXGroup;
			children = (
				D2C7EFBC2A6E2458005FCFF9 /* blur */,
				D2C7EFBB2A6E2458005FCFF9 /* Products */,
			);
			sourceTree = "<group>";
		};
		D2C7EFBB2A6E2458005FCFF9 /* Products */ = {
			isa = PBXGroup;
			children = (
				D2C7EFBA2A6E2458005FCFF9 /* blur.app */,
			);
			name = Products;
			sourceTree = "<group>";
		};
		D2C7EFBC2A6E2458005FCFF9 /* blur */ = {
			isa = PBXGroup;
			children = (
				D212AD742C3CA7490061D50C /* README.md */,
				D2967E292A7202E300529624 /* main */,
				D2967E212A7201F000529624 /* app */,
				D2967E232A72020100529624 /* graphics */,
				D2967E222A7201FA00529624 /* images */,
				D2C7EFC32A6E2458005FCFF9 /* Assets.xcassets */,
				D2C7EFCA2A6E2458005FCFF9 /* blur.entitlements */,
			);
			path = blur;
			sourceTree = "<group>";
		};
/* End PBXGroup section */

/* Begin PBXNativeTarget section */
		D2C7EFB92A6E2458005FCFF9 /* blur */ = {
			isa = PBXNativeTarget;
			buildConfigurationList = D2C7EFCD2A6E2458005FCFF9 /* Build configuration list for PBXNativeTarget "blur" */;
			buildPhases = (
				D2C7EFB62A6E2458005FCFF9 /* Sources */,
				D2C7EFB72A6E2458005FCFF9 /* Frameworks */,
				D2C7EFB82A6E2458005FCFF9 /* Resources */,
			);
			buildRules = (
			);
			dependencies = (
			);
			name = blur;
			productName = blur;
			productReference = D2C7EFBA2A6E2458005FCFF9 /* blur.app */;
			productType = "com.apple.product-type.application";
		};
/* End PBXNativeTarget section */

/* Begin PBXProject section */
		D2C7EFB22A6E2458005FCFF9 /* Project object */ = {
			isa = PBXProject;
			attributes = {
				BuildIndependentTargetsInParallel = 1;
				LastUpgradeCheck = 1430;
				TargetAttributes = {
					D2C7EFB92A6E2458005FCFF9 = {
						CreatedOnToolsVersion = 14.3.1;
					};
				};
			};
			buildConfigurationList = D2C7EFB52A6E2458005FCFF9 /* Build configuration list for PBXProject "blur" */;
			compatibilityVersion = "Xcode 14.0";
			developmentRegion = en;
			hasScannedForEncodings = 0;
			knownRegions = (
				en,
				Base,
			);
			mainGroup = D2C7EFB12A6E2458005FCFF9;
			productRefGroup = D2C7EFBB2A6E2458005FCFF9 /* Products */;
			projectDirPath = "";
			projectRoot = "";
			targets = (
				D2C7EFB92A6E2458005FCFF9 /* blur */,
			);
		};
/* End PBXProject section */

/* Begin PBXResourcesBuildPhase section */
		D2C7EFB82A6E2458005FCFF9 /* Resources */ = {
			isa = PBXResourcesBuildPhase;
			buildActionMask = 2147483647;
			files = (
				D212AD752C3CA7490061D50C /* README.md in Resources */,
				D2C7EFC42A6E2458005FCFF9 /* Assets.xcassets in Resources */,
			);
			runOnlyForDeploymentPostprocessing = 0;
		};
/* End PBXResourcesBuildPhase section */

/* Begin PBXSourcesBuildPhase section */
		D2C7EFB62A6E2458005FCFF9 /* Sources */ = {
			isa = PBXSourcesBuildPhase;
			buildActionMask = 2147483647;
			files = (
				D2967E2B2A7202F500529624 /* main-mac.m in Sources */,
				D208B2C92A74ABC40001F74C /* images.cpp in Sources */,
				D2967E282A72028300529624 /* app.cpp in Sources */,
				D2967E2F2A72141700529624 /* graphics.cpp in Sources */,
			);
			runOnlyForDeploymentPostprocessing = 0;
		};
/* End PBXSourcesBuildPhase section */

/* Begin XCBuildConfiguration section */
		D2C7EFCB2A6E2458005FCFF9 /* Debug */ = {
			isa = XCBuildConfiguration;
			buildSettings = {
				ALWAYS_SEARCH_USER_PATHS = NO;
				CLANG_ANALYZER_NONNULL = YES;
				CLANG_ANALYZER_NUMBER_OBJECT_CONVERSION = YES_AGGRESSIVE;
				CLANG_CXX_LANGUAGE_STANDARD = "gnu++20";
				CLANG_ENABLE_MODULES = YES;
				CLANG_ENABLE_OBJC_ARC = YES;
				CLANG_ENABLE_OBJC_WEAK = YES;
				CLANG_WARN_BLOCK_CAPTURE_AUTORELEASING = YES;
				CLANG_WARN_BOOL_CONVERSION = YES;
				CLANG_WARN_COMMA = YES;
				CLANG_WARN_CONSTANT_CONVERSION = YES;
				CLANG_WARN_DEPRECATED_OBJC_IMPLEMENTATIONS = YES;
				CLANG_WARN_DIRECT_OBJC_ISA_USAGE = YES_ERROR;
				CLANG_WARN_DOCUMENTATION_COMMENTS = YES;
				CLANG_WARN_EMPTY_BODY = YES;
				CLANG_WARN_ENUM_CONVERSION = YES;
				CLANG_WARN_INFINITE_RECURSION = YES;
				CLANG_WARN_INT_CONVERSION = YES;
				CLANG_WARN_NON_LITERAL_NULL_CONVERSION = YES;
				CLANG_WARN_OBJC_IMPLICIT_RETAIN_SELF = YES;
				CLANG_WARN_OBJC_LITERAL_CONVERSION = YES;
				CLANG_WARN_OBJC_ROOT_CLASS = YES_ERROR;
				CLANG_WARN_QUOTED_INCLUDE_IN_FRAMEWORK_HEADER = YES;
				CLANG_WARN_RANGE_LOOP_ANALYSIS = YES;
				CLANG_WARN_STRICT_PROTOTYPES = YES;
				CLANG_WARN_SUSPICIOUS_MOVE = YES;
				CLANG_WARN_UNGUARDED_AVAILABILITY = YES_AGGRESSIVE;
				CLANG_WARN_UNREACHABLE_CODE = YES;
				CLANG_WARN__DUPLICATE_METHOD_MATCH = YES;
				COPY_PHASE_STRIP = NO;
				DEBUG_INFORMATION_FORMAT = dwarf;
				ENABLE_STRICT_OBJC_MSGSEND = YES;
				ENABLE_TESTABILITY = YES;
				GCC_C_LANGUAGE_STANDARD = gnu11;
				GCC_DYNAMIC_NO_PIC = NO;
				GCC_NO_COMMON_BLOCKS = YES;
				GCC_OPTIMIZATION_LEVEL = 0;
				GCC_PREPROCESSOR_DEFINITIONS = (
					"DEBUG=1",
					"$(inherited)",
				);
				GCC_WARN_64_TO_32_BIT_CONVERSION = YES;
				GCC_WARN_ABOUT_DEPRECATED_FUNCTIONS = NO;
				GCC_WARN_ABOUT_RETURN_TYPE = YES_ERROR;
				GCC_WARN_UNDECLARED_SELECTOR = YES;
				GCC_WARN_UNINITIALIZED_AUTOS = YES_AGGRESSIVE;
				GCC_WARN_UNUSED_FUNCTION = YES;
				GCC_WARN_UNUSED_VARIABLE = YES;
				MACOSX_DEPLOYMENT_TARGET = 13.3;
				MTL_ENABLE_DEBUG_INFO = INCLUDE_SOURCE;
				MTL_FAST_MATH = YES;
				ONLY_ACTIVE_ARCH = YES;
				SDKROOT = macosx;
			};
			name = Debug;
		};
		D2C7EFCC2A6E2458005FCFF9 /* Release */ = {
			isa = XCBuildConfiguration;
			buildSettings = {
				ALWAYS_SEARCH_USER_PATHS = NO;
				CLANG_ANALYZER_NONNULL = YES;
				CLANG_ANALYZER_NUMBER_OBJECT_CONVERSION = YES_AGGRESSIVE;
				CLANG_CXX_LANGUAGE_STANDARD = "gnu++20";
				CLANG_ENABLE_MODULES = YES;
				CLANG_ENABLE_OBJC_ARC = YES;
				CLANG_ENABLE_OBJC_WEAK = YES;
				CLANG_WARN_BLOCK_CAPTURE_AUTORELEASING = YES;
				CLANG_WARN_BOOL_CONVERSION = YES;
				CLANG_WARN_COMMA = YES;
				CLANG_WARN_CONSTANT_CONVERSION = YES;
				CLANG_WARN_DEPRECATED_OBJC_IMPLEMENTATIONS = YES;
				CLANG_WARN_DIRECT_OBJC_ISA_USAGE = YES_ERROR;
				CLANG_WARN_DOCUMENTATION_COMMENTS = YES;
				CLANG_WARN_EMPTY_BODY = YES;
				CLANG_WARN_ENUM_CONVERSION = YES;
				CLANG_WARN_INFINITE_RECURSION = YES;
				CLANG_WARN_INT_CONVERSION = YES;
				CLANG_WARN_NON_LITERAL_NULL_CONVERSION = YES;
				CLANG_WARN_OBJC_IMPLICIT_RETAIN_SELF = YES;
				CLANG_WARN_OBJC_LITERAL_CONVERSION = YES;
				CLANG_WARN_OBJC_ROOT_CLASS = YES_ERROR;
				CLANG_WARN_QUOTED_INCLUDE_IN_FRAMEWORK_HEADER = YES;
				CLANG_WARN_RANGE_LOOP_ANALYSIS = YES;
				CLANG_WARN_STRICT_PROTOTYPES = YES;
				CLANG_WARN_SUSPICIOUS_MOVE = YES;
				CLANG_WARN_UNGUARDED_AVAILABILITY = YES_AGGRESSIVE;
				CLANG_WARN_UNREACHABLE_CODE = YES;
				CLANG_WARN__DUPLICATE_METHOD_MATCH = YES;
				COPY_PHASE_STRIP = NO;
				DEBUG_INFORMATION_FORMAT = "dwarf-with-dsym";
				ENABLE_NS_ASSERTIONS = NO;
				ENABLE_STRICT_OBJC_MSGSEND = YES;
				GCC_C_LANGUAGE_STANDARD = gnu11;
				GCC_NO_COMMON_BLOCKS = YES;
				GCC_WARN_64_TO_32_BIT_CONVERSION = YES;
				GCC_WARN_ABOUT_DEPRECATED_FUNCTIONS = NO;
				GCC_WARN_ABOUT_RETURN_TYPE = YES_ERROR;
				GCC_WARN_UNDECLARED_SELECTOR = YES;
				GCC_WARN_UNINITIALIZED_AUTOS = YES_AGGRESSIVE;
				GCC_WARN_UNUSED_FUNCTION = YES;
				GCC_WARN_UNUSED_VARIABLE = YES;
				MACOSX_DEPLOYMENT_TARGET = 13.3;
				MTL_ENABLE_DEBUG_INFO = NO;
				MTL_FAST_MATH = YES;
				SDKROOT = macosx;
			};
			name = Release;
		};
		D2C7EFCE2A6E2458005FCFF9 /* Debug */ = {
			isa = XCBuildConfiguration;
			buildSettings = {
				ASSETCATALOG_COMPILER_APPICON_NAME = AppIcon;
				ASSETCATALOG_COMPILER_GLOBAL_ACCENT_COLOR_NAME = AccentColor;
				CODE_SIGN_ENTITLEMENTS = blur/blur.entitlements;
				"CODE_SIGN_IDENTITY[sdk=macosx*]" = "-";
				CODE_SIGN_STYLE = Automatic;
				COMBINE_HIDPI_IMAGES = YES;
				CURRENT_PROJECT_VERSION = 1;
				DEVELOPMENT_TEAM = KCYH7455H4;
				ENABLE_HARDENED_RUNTIME = YES;
				GENERATE_INFOPLIST_FILE = YES;
				INFOPLIST_KEY_NSHumanReadableCopyright = "";
				INFOPLIST_KEY_NSPrincipalClass = NSApplication;
				LD_RUNPATH_SEARCH_PATHS = (
					"$(inherited)",
					"@executable_path/../Frameworks",
				);
				MARKETING_VERSION = 1.0;
				PRODUCT_BUNDLE_IDENTIFIER = com.joaquin.blur;
				PRODUCT_NAME = "$(TARGET_NAME)";
				SWIFT_EMIT_LOC_STRINGS = YES;
			};
			name = Debug;
		};
		D2C7EFCF2A6E2458005FCFF9 /* Release */ = {
			isa = XCBuildConfiguration;
			buildSettings = {
				ASSETCATALOG_COMPILER_APPICON_NAME = AppIcon;
				ASSETCATALOG_COMPILER_GLOBAL_ACCENT_COLOR_NAME = AccentColor;
				CODE_SIGN_ENTITLEMENTS = blur/blur.entitlements;
				"CODE_SIGN_IDENTITY[sdk=macosx*]" = "-";
				CODE_SIGN_STYLE = Automatic;
				COMBINE_HIDPI_IMAGES = YES;
				CURRENT_PROJECT_VERSION = 1;
				DEVELOPMENT_TEAM = KCYH7455H4;
				ENABLE_HARDENED_RUNTIME = YES;
				GENERATE_INFOPLIST_FILE = YES;
				INFOPLIST_KEY_NSHumanReadableCopyright = "";
				INFOPLIST_KEY_NSPrincipalClass = NSApplication;
				LD_RUNPATH_SEARCH_PATHS = (
					"$(inherited)",
					"@executable_path/../Frameworks",
				);
				MARKETING_VERSION = 1.0;
				PRODUCT_BUNDLE_IDENTIFIER = com.joaquin.blur;
				PRODUCT_NAME = "$(TARGET_NAME)";
				SWIFT_EMIT_LOC_STRINGS = YES;
			};
			name = Release;
		};
/* End XCBuildConfiguration section */

/* Begin XCConfigurationList section */
		D2C7EFB52A6E2458005FCFF9 /* Build configuration list for PBXProject "blur" */ = {
			isa = XCConfigurationList;
			buildConfigurations = (
				D2C7EFCB2A6E2458005FCFF9 /* Debug */,
				D2C7EFCC2A6E2458005FCFF9 /* Release */,
			);
			defaultConfigurationIsVisible = 0;
			defaultConfigurationName = Release;
		};
		D2C7EFCD2A6E2458005FCFF9 /* Build configuration list for PBXNativeTarget "blur" */ = {
			isa = XCConfigurationList;
			buildConfigurations = (
				D2C7EFCE2A6E2458005FCFF9 /* Debug */,
				D2C7EFCF2A6E2458005FCFF9 /* Release */,
			);
			defaultConfigurationIsVisible = 0;
			defaultConfigurationName = Release;
		};
/* End XCConfigurationList section */
	};
	rootObject = D2C7EFB22A6E2458005FCFF9 /* Project object */;
}
