<?xml version="1.0" encoding="utf-8"?>
<Project ToolsVersion="4.0" xmlns="http://schemas.microsoft.com/developer/msbuild/2003">
  <ItemGroup>
    <Filter Include="src">
      <UniqueIdentifier>{ad510934-1431-4138-943d-1c1f9ac576f1}</UniqueIdentifier>
    </Filter>
    <Filter Include="src\glad">
      <UniqueIdentifier>{bf5550e7-be89-42ac-9efb-acf6da108c18}</UniqueIdentifier>
    </Filter>
    <Filter Include="src\images">
      <UniqueIdentifier>{ff9b5c5d-9400-48dd-879e-2ecf7ad8a0c6}</UniqueIdentifier>
    </Filter>
    <Filter Include="src\graphics">
      <UniqueIdentifier>{a3d8783c-f174-45ee-ae09-cbaf0750b68e}</UniqueIdentifier>
    </Filter>
    <Filter Include="src\app">
      <UniqueIdentifier>{5aa9c6aa-5947-4a9b-a577-e46d59eedef6}</UniqueIdentifier>
    </Filter>
    <Filter Include="src\main">
      <UniqueIdentifier>{843f8b35-581d-457e-8357-f8ffebaab5e2}</UniqueIdentifier>
    </Filter>
  </ItemGroup>
  <ItemGroup>
    <ClCompile Include="..\..\src\glad\glad.c">
      <Filter>src\glad</Filter>
    </ClCompile>
    <ClCompile Include="..\..\src\graphics\graphics.cpp">
      <Filter>src\graphics</Filter>
    </ClCompile>
    <ClCompile Include="..\..\src\images\images.cpp">
      <Filter>src\images</Filter>
    </ClCompile>
    <ClCompile Include="..\..\src\main\main-win.cpp">
      <Filter>src\main</Filter>
    </ClCompile>
    <ClCompile Include="..\..\src\app\app.cpp">
      <Filter>src\app</Filter>
    </ClCompile>
  </ItemGroup>
  <ItemGroup>
    <None Include="..\..\.gitignore" />
    <None Include="..\..\README.md" />
  </ItemGroup>
  <ItemGroup>
    <ClInclude Include="..\..\src\glad\glad.h">
      <Filter>src\glad</Filter>
    </ClInclude>
    <ClInclude Include="..\..\src\glad\khrplatform.h">
      <Filter>src\glad</Filter>
    </ClInclude>
    <ClInclude Include="..\..\src\images\stb_image.h">
      <Filter>src\images</Filter>
    </ClInclude>
    <ClInclude Include="..\..\src\graphics\graphics.h">
      <Filter>src\graphics</Filter>
    </ClInclude>
    <ClInclude Include="..\..\src\images\images.h">
      <Filter>src\images</Filter>
    </ClInclude>
    <ClInclude Include="..\..\src\app\app.h">
      <Filter>src\app</Filter>
    </ClInclude>
  </ItemGroup>
</Project>